
Microsoft Visual Studio Solution File, Format Version 12.00
# Visual Studio Version 17
VisualStudioVersion = 17.3.32929.385
MinimumVisualStudioVersion = 10.0.40219.1
Project("{9A19103F-16F7-4668-BE54-9A1E7A4F7556}") = "BlazorEcommerce.Server", "BlazorEcommerce\Server\BlazorEcommerce.Server.csproj", "{D1E0CA35-CCBA-487A-A375-65FAECDE3246}"
EndProject
Project("{9A19103F-16F7-4668-BE54-9A1E7A4F7556}") = "BlazorEcommerce.Client", "BlazorEcommerce\Client\BlazorEcommerce.Client.csproj", "{F99F334F-FFF2-4243-B225-315660CAAAF5}"
EndProject
Project("{9A19103F-16F7-4668-BE54-9A1E7A4F7556}") = "BlazorEcommerce.Shared", "BlazorEcommerce\Shared\BlazorEcommerce.Shared.csproj", "{AC105D51-A9D0-4D9B-977C-46C2635B4C14}"
EndProject
Global
	GlobalSection(SolutionConfigurationPlatforms) = preSolution
		Debug|Any CPU = Debug|Any CPU
		Release|Any CPU = Release|Any CPU
	EndGlobalSection
	GlobalSection(ProjectConfigurationPlatforms) = postSolution
		{D1E0CA35-CCBA-487A-A375-65FAECDE3246}.Debug|Any CPU.ActiveCfg = Debug|Any CPU
		{D1E0CA35-CCBA-487A-A375-65FAECDE3246}.Debug|Any CPU.Build.0 = Debug|Any CPU
		{D1E0CA35-CCBA-487A-A375-65FAECDE3246}.Release|Any CPU.ActiveCfg = Release|Any CPU
		{D1E0CA35-CCBA-487A-A375-65FAECDE3246}.Release|Any CPU.Build.0 = Release|Any CPU
		{F99F334F-FFF2-4243-B225-315660CAAAF5}.Debug|Any CPU.ActiveCfg = Debug|Any CPU
		{F99F334F-FFF2-4243-B225-315660CAAAF5}.Debug|Any CPU.Build.0 = Debug|Any CPU
		{F99F334F-FFF2-4243-B225-315660CAAAF5}.Release|Any CPU.ActiveCfg = Release|Any CPU
		{F99F334F-FFF2-4243-B225-315660CAAAF5}.Release|Any CPU.Build.0 = Release|Any CPU
		{AC105D51-A9D0-4D9B-977C-46C2635B4C14}.Debug|Any CPU.ActiveCfg = Debug|Any CPU
		{AC105D51-A9D0-4D9B-977C-46C2635B4C14}.Debug|Any CPU.Build.0 = Debug|Any CPU
		{AC105D51-A9D0-4D9B-977C-46C2635B4C14}.Release|Any CPU.ActiveCfg = Release|Any CPU
		{AC105D51-A9D0-4D9B-977C-46C2635B4C14}.Release|Any CPU.Build.0 = Release|Any CPU
	EndGlobalSection
	GlobalSection(SolutionProperties) = preSolution
		HideSolutionNode = FALSE
	EndGlobalSection
	GlobalSection(ExtensibilityGlobals) = postSolution
		SolutionGuid = {C4F50C02-72DB-4A93-B109-BD8A05BD6C36}
	EndGlobalSection
EndGlobal
